
Microsoft Visual Studio Solution File, Format Version 12.00
# Visual Studio 15
VisualStudioVersion = 15.0.28307.757
MinimumVisualStudioVersion = 10.0.40219.1
Project("{FAE04EC0-301F-11D3-BF4B-00C04F79EFBC}") = "_20190723_AritmetiniaiVeiksmai", "_20190723_AritmetiniaiVeiksmai\_20190723_AritmetiniaiVeiksmai.csproj", "{355AB9B4-3F5C-4915-8DC2-7E47A4381A04}"
EndProject
Global
	GlobalSection(SolutionConfigurationPlatforms) = preSolution
		Debug|Any CPU = Debug|Any CPU
		Release|Any CPU = Release|Any CPU
	EndGlobalSection
	GlobalSection(ProjectConfigurationPlatforms) = postSolution
		{355AB9B4-3F5C-4915-8DC2-7E47A4381A04}.Debug|Any CPU.ActiveCfg = Debug|Any CPU
		{355AB9B4-3F5C-4915-8DC2-7E47A4381A04}.Debug|Any CPU.Build.0 = Debug|Any CPU
		{355AB9B4-3F5C-4915-8DC2-7E47A4381A04}.Release|Any CPU.ActiveCfg = Release|Any CPU
		{355AB9B4-3F5C-4915-8DC2-7E47A4381A04}.Release|Any CPU.Build.0 = Release|Any CPU
	EndGlobalSection
	GlobalSection(SolutionProperties) = preSolution
		HideSolutionNode = FALSE
	EndGlobalSection
	GlobalSection(ExtensibilityGlobals) = postSolution
		SolutionGuid = {DB480EB7-6414-48F7-9CE2-8E312C4437D8}
	EndGlobalSection
EndGlobal
