
Microsoft Visual Studio Solution File, Format Version 12.00
# Visual Studio 15
VisualStudioVersion = 15.0.28307.757
MinimumVisualStudioVersion = 10.0.40219.1
Project("{FAE04EC0-301F-11D3-BF4B-00C04F79EFBC}") = "_20190726_While", "_20190726_While\_20190726_While.csproj", "{0630CC7F-A24D-4582-88AC-4C37B43B90AF}"
EndProject
Global
	GlobalSection(SolutionConfigurationPlatforms) = preSolution
		Debug|Any CPU = Debug|Any CPU
		Release|Any CPU = Release|Any CPU
	EndGlobalSection
	GlobalSection(ProjectConfigurationPlatforms) = postSolution
		{0630CC7F-A24D-4582-88AC-4C37B43B90AF}.Debug|Any CPU.ActiveCfg = Debug|Any CPU
		{0630CC7F-A24D-4582-88AC-4C37B43B90AF}.Debug|Any CPU.Build.0 = Debug|Any CPU
		{0630CC7F-A24D-4582-88AC-4C37B43B90AF}.Release|Any CPU.ActiveCfg = Release|Any CPU
		{0630CC7F-A24D-4582-88AC-4C37B43B90AF}.Release|Any CPU.Build.0 = Release|Any CPU
	EndGlobalSection
	GlobalSection(SolutionProperties) = preSolution
		HideSolutionNode = FALSE
	EndGlobalSection
	GlobalSection(ExtensibilityGlobals) = postSolution
		SolutionGuid = {3F28C1E0-5F48-474B-B8FB-83C40895672D}
	EndGlobalSection
EndGlobal
