
Microsoft Visual Studio Solution File, Format Version 12.00
# Visual Studio 15
VisualStudioVersion = 15.0.28307.757
MinimumVisualStudioVersion = 10.0.40219.1
Project("{FAE04EC0-301F-11D3-BF4B-00C04F79EFBC}") = "_20190731_Sarasas", "_20190731_Sarasas\_20190731_Sarasas.csproj", "{187005CA-18D5-4929-88B6-E73531FFBD95}"
EndProject
Global
	GlobalSection(SolutionConfigurationPlatforms) = preSolution
		Debug|Any CPU = Debug|Any CPU
		Release|Any CPU = Release|Any CPU
	EndGlobalSection
	GlobalSection(ProjectConfigurationPlatforms) = postSolution
		{187005CA-18D5-4929-88B6-E73531FFBD95}.Debug|Any CPU.ActiveCfg = Debug|Any CPU
		{187005CA-18D5-4929-88B6-E73531FFBD95}.Debug|Any CPU.Build.0 = Debug|Any CPU
		{187005CA-18D5-4929-88B6-E73531FFBD95}.Release|Any CPU.ActiveCfg = Release|Any CPU
		{187005CA-18D5-4929-88B6-E73531FFBD95}.Release|Any CPU.Build.0 = Release|Any CPU
	EndGlobalSection
	GlobalSection(SolutionProperties) = preSolution
		HideSolutionNode = FALSE
	EndGlobalSection
	GlobalSection(ExtensibilityGlobals) = postSolution
		SolutionGuid = {3E548613-59B5-47CD-A547-1B6E4F974E9A}
	EndGlobalSection
EndGlobal
