
Microsoft Visual Studio Solution File, Format Version 12.00
# Visual Studio 15
VisualStudioVersion = 15.0.28307.757
MinimumVisualStudioVersion = 10.0.40219.1
Project("{FAE04EC0-301F-11D3-BF4B-00C04F79EFBC}") = "_20190725_switchPirmas", "_20190725_switchPirmas\_20190725_switchPirmas.csproj", "{7CF27D83-3A88-4419-A622-EA9601457345}"
EndProject
Global
	GlobalSection(SolutionConfigurationPlatforms) = preSolution
		Debug|Any CPU = Debug|Any CPU
		Release|Any CPU = Release|Any CPU
	EndGlobalSection
	GlobalSection(ProjectConfigurationPlatforms) = postSolution
		{7CF27D83-3A88-4419-A622-EA9601457345}.Debug|Any CPU.ActiveCfg = Debug|Any CPU
		{7CF27D83-3A88-4419-A622-EA9601457345}.Debug|Any CPU.Build.0 = Debug|Any CPU
		{7CF27D83-3A88-4419-A622-EA9601457345}.Release|Any CPU.ActiveCfg = Release|Any CPU
		{7CF27D83-3A88-4419-A622-EA9601457345}.Release|Any CPU.Build.0 = Release|Any CPU
	EndGlobalSection
	GlobalSection(SolutionProperties) = preSolution
		HideSolutionNode = FALSE
	EndGlobalSection
	GlobalSection(ExtensibilityGlobals) = postSolution
		SolutionGuid = {F2A514C6-35F1-40F0-98EF-092C605BDD70}
	EndGlobalSection
EndGlobal
