
Microsoft Visual Studio Solution File, Format Version 12.00
# Visual Studio 15
VisualStudioVersion = 15.0.28307.757
MinimumVisualStudioVersion = 10.0.40219.1
Project("{FAE04EC0-301F-11D3-BF4B-00C04F79EFBC}") = "_20190729_romeniskiSkaiciai", "_20190729_romeniskiSkaiciai\_20190729_romeniskiSkaiciai.csproj", "{18D73092-92A4-4D46-8A8E-D5212515AA94}"
EndProject
Global
	GlobalSection(SolutionConfigurationPlatforms) = preSolution
		Debug|Any CPU = Debug|Any CPU
		Release|Any CPU = Release|Any CPU
	EndGlobalSection
	GlobalSection(ProjectConfigurationPlatforms) = postSolution
		{18D73092-92A4-4D46-8A8E-D5212515AA94}.Debug|Any CPU.ActiveCfg = Debug|Any CPU
		{18D73092-92A4-4D46-8A8E-D5212515AA94}.Debug|Any CPU.Build.0 = Debug|Any CPU
		{18D73092-92A4-4D46-8A8E-D5212515AA94}.Release|Any CPU.ActiveCfg = Release|Any CPU
		{18D73092-92A4-4D46-8A8E-D5212515AA94}.Release|Any CPU.Build.0 = Release|Any CPU
	EndGlobalSection
	GlobalSection(SolutionProperties) = preSolution
		HideSolutionNode = FALSE
	EndGlobalSection
	GlobalSection(ExtensibilityGlobals) = postSolution
		SolutionGuid = {DEE6F3D8-FD28-4BED-988E-C5963DA51EAB}
	EndGlobalSection
EndGlobal
