
Microsoft Visual Studio Solution File, Format Version 12.00
# Visual Studio 15
VisualStudioVersion = 15.0.28307.757
MinimumVisualStudioVersion = 10.0.40219.1
Project("{FAE04EC0-301F-11D3-BF4B-00C04F79EFBC}") = "_20190726_DaugybeBeDaugybos", "_20190726_DaugybeBeDaugybos\_20190726_DaugybeBeDaugybos.csproj", "{9EAB277D-A319-4ADE-9F24-5B9F3A8F5397}"
EndProject
Global
	GlobalSection(SolutionConfigurationPlatforms) = preSolution
		Debug|Any CPU = Debug|Any CPU
		Release|Any CPU = Release|Any CPU
	EndGlobalSection
	GlobalSection(ProjectConfigurationPlatforms) = postSolution
		{9EAB277D-A319-4ADE-9F24-5B9F3A8F5397}.Debug|Any CPU.ActiveCfg = Debug|Any CPU
		{9EAB277D-A319-4ADE-9F24-5B9F3A8F5397}.Debug|Any CPU.Build.0 = Debug|Any CPU
		{9EAB277D-A319-4ADE-9F24-5B9F3A8F5397}.Release|Any CPU.ActiveCfg = Release|Any CPU
		{9EAB277D-A319-4ADE-9F24-5B9F3A8F5397}.Release|Any CPU.Build.0 = Release|Any CPU
	EndGlobalSection
	GlobalSection(SolutionProperties) = preSolution
		HideSolutionNode = FALSE
	EndGlobalSection
	GlobalSection(ExtensibilityGlobals) = postSolution
		SolutionGuid = {A28AFA7A-11B9-490A-99D4-F862F3299631}
	EndGlobalSection
EndGlobal
