
Microsoft Visual Studio Solution File, Format Version 12.00
# Visual Studio 15
VisualStudioVersion = 15.0.28307.757
MinimumVisualStudioVersion = 10.0.40219.1
Project("{FAE04EC0-301F-11D3-BF4B-00C04F79EFBC}") = "_20190731_KordensioSkaiciai", "_20190731_KordensioSkaiciai\_20190731_KordensioSkaiciai.csproj", "{3FBEB9CE-6D32-4258-90CB-2B8E93C9D360}"
EndProject
Global
	GlobalSection(SolutionConfigurationPlatforms) = preSolution
		Debug|Any CPU = Debug|Any CPU
		Release|Any CPU = Release|Any CPU
	EndGlobalSection
	GlobalSection(ProjectConfigurationPlatforms) = postSolution
		{3FBEB9CE-6D32-4258-90CB-2B8E93C9D360}.Debug|Any CPU.ActiveCfg = Debug|Any CPU
		{3FBEB9CE-6D32-4258-90CB-2B8E93C9D360}.Debug|Any CPU.Build.0 = Debug|Any CPU
		{3FBEB9CE-6D32-4258-90CB-2B8E93C9D360}.Release|Any CPU.ActiveCfg = Release|Any CPU
		{3FBEB9CE-6D32-4258-90CB-2B8E93C9D360}.Release|Any CPU.Build.0 = Release|Any CPU
	EndGlobalSection
	GlobalSection(SolutionProperties) = preSolution
		HideSolutionNode = FALSE
	EndGlobalSection
	GlobalSection(ExtensibilityGlobals) = postSolution
		SolutionGuid = {241242E9-FD57-4CE0-B594-0D0ED5D1DB75}
	EndGlobalSection
EndGlobal
